// !$*UTF8*$!
{
	archiveVersion = 1;
	classes = {
	};
	objectVersion = 50;
	objects = {

/* Begin PBXBuildFile section */
		D581B80A20AC23250090B21C /* AppDelegate.swift in Sources */ = {isa = PBXBuildFile; fileRef = D581B80920AC23250090B21C /* AppDelegate.swift */; };
		D581B80C20AC23250090B21C /* ViewController.swift in Sources */ = {isa = PBXBuildFile; fileRef = D581B80B20AC23250090B21C /* ViewController.swift */; };
		D581B80F20AC23250090B21C /* Main.storyboard in Resources */ = {isa = PBXBuildFile; fileRef = D581B80D20AC23250090B21C /* Main.storyboard */; };
		D581B81120AC23260090B21C /* Assets.xcassets in Resources */ = {isa = PBXBuildFile; fileRef = D581B81020AC23260090B21C /* Assets.xcassets */; };
		D581B81420AC23260090B21C /* LaunchScreen.storyboard in Resources */ = {isa = PBXBuildFile; fileRef = D581B81220AC23260090B21C /* LaunchScreen.storyboard */; };
		D581B81F20AC23260090B21C /* templateTests.swift in Sources */ = {isa = PBXBuildFile; fileRef = D581B81E20AC23260090B21C /* templateTests.swift */; };
		D581B82A20AC23260090B21C /* templateUITests.swift in Sources */ = {isa = PBXBuildFile; fileRef = D581B82920AC23260090B21C /* templateUITests.swift */; };
/* End PBXBuildFile section */

/* Begin PBXContainerItemProxy section */
		D581B81B20AC23260090B21C /* PBXContainerItemProxy */ = {
			isa = PBXContainerItemProxy;
			containerPortal = D581B7FE20AC23250090B21C /* Project object */;
			proxyType = 1;
			remoteGlobalIDString = D581B80520AC23250090B21C;
			remoteInfo = template;
		};
		D581B82620AC23260090B21C /* PBXContainerItemProxy */ = {
			isa = PBXContainerItemProxy;
			containerPortal = D581B7FE20AC23250090B21C /* Project object */;
			proxyType = 1;
			remoteGlobalIDString = D581B80520AC23250090B21C;
			remoteInfo = template;
		};
/* End PBXContainerItemProxy section */

/* Begin PBXFileReference section */
		D581B80620AC23250090B21C /* template.app */ = {isa = PBXFileReference; explicitFileType = wrapper.application; includeInIndex = 0; path = template.app; sourceTree = BUILT_PRODUCTS_DIR; };
		D581B80920AC23250090B21C /* AppDelegate.swift */ = {isa = PBXFileReference; lastKnownFileType = sourcecode.swift; path = AppDelegate.swift; sourceTree = "<group>"; };
		D581B80B20AC23250090B21C /* ViewController.swift */ = {isa = PBXFileReference; lastKnownFileType = sourcecode.swift; path = ViewController.swift; sourceTree = "<group>"; };
		D581B80E20AC23250090B21C /* Base */ = {isa = PBXFileReference; lastKnownFileType = file.storyboard; name = Base; path = Base.lproj/Main.storyboard; sourceTree = "<group>"; };
		D581B81020AC23260090B21C /* Assets.xcassets */ = {isa = PBXFileReference; lastKnownFileType = folder.assetcatalog; path = Assets.xcassets; sourceTree = "<group>"; };
		D581B81320AC23260090B21C /* Base */ = {isa = PBXFileReference; lastKnownFileType = file.storyboard; name = Base; path = Base.lproj/LaunchScreen.storyboard; sourceTree = "<group>"; };
		D581B81520AC23260090B21C /* Info.plist */ = {isa = PBXFileReference; lastKnownFileType = text.plist.xml; path = Info.plist; sourceTree = "<group>"; };
		D581B81A20AC23260090B21C /* templateTests.xctest */ = {isa = PBXFileReference; explicitFileType = wrapper.cfbundle; includeInIndex = 0; path = templateTests.xctest; sourceTree = BUILT_PRODUCTS_DIR; };
		D581B81E20AC23260090B21C /* templateTests.swift */ = {isa = PBXFileReference; lastKnownFileType = sourcecode.swift; path = templateTests.swift; sourceTree = "<group>"; };
		D581B82020AC23260090B21C /* Info.plist */ = {isa = PBXFileReference; lastKnownFileType = text.plist.xml; path = Info.plist; sourceTree = "<group>"; };
		D581B82520AC23260090B21C /* templateUITests.xctest */ = {isa = PBXFileReference; explicitFileType = wrapper.cfbundle; includeInIndex = 0; path = templateUITests.xctest; sourceTree = BUILT_PRODUCTS_DIR; };
		D581B82920AC23260090B21C /* templateUITests.swift */ = {isa = PBXFileReference; lastKnownFileType = sourcecode.swift; path = templateUITests.swift; sourceTree = "<group>"; };
		D581B82B20AC23260090B21C /* Info.plist */ = {isa = PBXFileReference; lastKnownFileType = text.plist.xml; path = Info.plist; sourceTree = "<group>"; };
/* End PBXFileReference section */

/* Begin PBXFrameworksBuildPhase section */
		D581B80320AC23250090B21C /* Frameworks */ = {
			isa = PBXFrameworksBuildPhase;
			buildActionMask = 2147483647;
			files = (
			);
			runOnlyForDeploymentPostprocessing = 0;
		};
		D581B81720AC23260090B21C /* Frameworks */ = {
			isa = PBXFrameworksBuildPhase;
			buildActionMask = 2147483647;
			files = (
			);
			runOnlyForDeploymentPostprocessing = 0;
		};
		D581B82220AC23260090B21C /* Frameworks */ = {
			isa = PBXFrameworksBuildPhase;
			buildActionMask = 2147483647;
			files = (
			);
			runOnlyForDeploymentPostprocessing = 0;
		};
/* End PBXFrameworksBuildPhase section */

/* Begin PBXGroup section */
		D581B7FD20AC23250090B21C = {
			isa = PBXGroup;
			children = (
				D581B80820AC23250090B21C /* template */,
				D581B81D20AC23260090B21C /* templateTests */,
				D581B82820AC23260090B21C /* templateUITests */,
				D581B80720AC23250090B21C /* Products */,
			);
			sourceTree = "<group>";
		};
		D581B80720AC23250090B21C /* Products */ = {
			isa = PBXGroup;
			children = (
				D581B80620AC23250090B21C /* template.app */,
				D581B81A20AC23260090B21C /* templateTests.xctest */,
				D581B82520AC23260090B21C /* templateUITests.xctest */,
			);
			name = Products;
			sourceTree = "<group>";
		};
		D581B80820AC23250090B21C /* template */ = {
			isa = PBXGroup;
			children = (
				D581B80920AC23250090B21C /* AppDelegate.swift */,
				D581B80B20AC23250090B21C /* ViewController.swift */,
				D581B80D20AC23250090B21C /* Main.storyboard */,
				D581B81020AC23260090B21C /* Assets.xcassets */,
				D581B81220AC23260090B21C /* LaunchScreen.storyboard */,
				D581B81520AC23260090B21C /* Info.plist */,
			);
			path = template;
			sourceTree = "<group>";
		};
		D581B81D20AC23260090B21C /* templateTests */ = {
			isa = PBXGroup;
			children = (
				D581B81E20AC23260090B21C /* templateTests.swift */,
				D581B82020AC23260090B21C /* Info.plist */,
			);
			path = templateTests;
			sourceTree = "<group>";
		};
		D581B82820AC23260090B21C /* templateUITests */ = {
			isa = PBXGroup;
			children = (
				D581B82920AC23260090B21C /* templateUITests.swift */,
				D581B82B20AC23260090B21C /* Info.plist */,
			);
			path = templateUITests;
			sourceTree = "<group>";
		};
/* End PBXGroup section */

/* Begin PBXNativeTarget section */
		D581B80520AC23250090B21C /* template */ = {
			isa = PBXNativeTarget;
			buildConfigurationList = D581B82E20AC23270090B21C /* Build configuration list for PBXNativeTarget "template" */;
			buildPhases = (
				D581B80220AC23250090B21C /* Sources */,
				D581B80320AC23250090B21C /* Frameworks */,
				D581B80420AC23250090B21C /* Resources */,
			);
			buildRules = (
			);
			dependencies = (
			);
			name = template;
			productName = template;
			productReference = D581B80620AC23250090B21C /* template.app */;
			productType = "com.apple.product-type.application";
		};
		D581B81920AC23260090B21C /* templateTests */ = {
			isa = PBXNativeTarget;
			buildConfigurationList = D581B83120AC23270090B21C /* Build configuration list for PBXNativeTarget "templateTests" */;
			buildPhases = (
				D581B81620AC23260090B21C /* Sources */,
				D581B81720AC23260090B21C /* Frameworks */,
				D581B81820AC23260090B21C /* Resources */,
			);
			buildRules = (
			);
			dependencies = (
				D581B81C20AC23260090B21C /* PBXTargetDependency */,
			);
			name = templateTests;
			productName = templateTests;
			productReference = D581B81A20AC23260090B21C /* templateTests.xctest */;
			productType = "com.apple.product-type.bundle.unit-test";
		};
		D581B82420AC23260090B21C /* templateUITests */ = {
			isa = PBXNativeTarget;
			buildConfigurationList = D581B83420AC23270090B21C /* Build configuration list for PBXNativeTarget "templateUITests" */;
			buildPhases = (
				D581B82120AC23260090B21C /* Sources */,
				D581B82220AC23260090B21C /* Frameworks */,
				D581B82320AC23260090B21C /* Resources */,
			);
			buildRules = (
			);
			dependencies = (
				D581B82720AC23260090B21C /* PBXTargetDependency */,
			);
			name = templateUITests;
			productName = templateUITests;
			productReference = D581B82520AC23260090B21C /* templateUITests.xctest */;
			productType = "com.apple.product-type.bundle.ui-testing";
		};
/* End PBXNativeTarget section */

/* Begin PBXProject section */
		D581B7FE20AC23250090B21C /* Project object */ = {
			isa = PBXProject;
			attributes = {
				LastSwiftUpdateCheck = 0930;
				LastUpgradeCheck = 0930;
				ORGANIZATIONNAME = "Vilhelm Sturen";
				TargetAttributes = {
					D581B80520AC23250090B21C = {
						CreatedOnToolsVersion = 9.3;
					};
					D581B81920AC23260090B21C = {
						CreatedOnToolsVersion = 9.3;
						TestTargetID = D581B80520AC23250090B21C;
					};
					D581B82420AC23260090B21C = {
						CreatedOnToolsVersion = 9.3;
						TestTargetID = D581B80520AC23250090B21C;
					};
				};
			};
			buildConfigurationList = D581B80120AC23250090B21C /* Build configuration list for PBXProject "template" */;
			compatibilityVersion = "Xcode 9.3";
			developmentRegion = en;
			hasScannedForEncodings = 0;
			knownRegions = (
				en,
				Base,
			);
			mainGroup = D581B7FD20AC23250090B21C;
			productRefGroup = D581B80720AC23250090B21C /* Products */;
			projectDirPath = "";
			projectRoot = "";
			targets = (
				D581B80520AC23250090B21C /* template */,
				D581B81920AC23260090B21C /* templateTests */,
				D581B82420AC23260090B21C /* templateUITests */,
			);
		};
/* End PBXProject section */

/* Begin PBXResourcesBuildPhase section */
		D581B80420AC23250090B21C /* Resources */ = {
			isa = PBXResourcesBuildPhase;
			buildActionMask = 2147483647;
			files = (
				D581B81420AC23260090B21C /* LaunchScreen.storyboard in Resources */,
				D581B81120AC23260090B21C /* Assets.xcassets in Resources */,
				D581B80F20AC23250090B21C /* Main.storyboard in Resources */,
			);
			runOnlyForDeploymentPostprocessing = 0;
		};
		D581B81820AC23260090B21C /* Resources */ = {
			isa = PBXResourcesBuildPhase;
			buildActionMask = 2147483647;
			files = (
			);
			runOnlyForDeploymentPostprocessing = 0;
		};
		D581B82320AC23260090B21C /* Resources */ = {
			isa = PBXResourcesBuildPhase;
			buildActionMask = 2147483647;
			files = (
			);
			runOnlyForDeploymentPostprocessing = 0;
		};
/* End PBXResourcesBuildPhase section */

/* Begin PBXSourcesBuildPhase section */
		D581B80220AC23250090B21C /* Sources */ = {
			isa = PBXSourcesBuildPhase;
			buildActionMask = 2147483647;
			files = (
				D581B80C20AC23250090B21C /* ViewController.swift in Sources */,
				D581B80A20AC23250090B21C /* AppDelegate.swift in Sources */,
			);
			runOnlyForDeploymentPostprocessing = 0;
		};
		D581B81620AC23260090B21C /* Sources */ = {
			isa = PBXSourcesBuildPhase;
			buildActionMask = 2147483647;
			files = (
				D581B81F20AC23260090B21C /* templateTests.swift in Sources */,
			);
			runOnlyForDeploymentPostprocessing = 0;
		};
		D581B82120AC23260090B21C /* Sources */ = {
			isa = PBXSourcesBuildPhase;
			buildActionMask = 2147483647;
			files = (
				D581B82A20AC23260090B21C /* templateUITests.swift in Sources */,
			);
			runOnlyForDeploymentPostprocessing = 0;
		};
/* End PBXSourcesBuildPhase section */

/* Begin PBXTargetDependency section */
		D581B81C20AC23260090B21C /* PBXTargetDependency */ = {
			isa = PBXTargetDependency;
			target = D581B80520AC23250090B21C /* template */;
			targetProxy = D581B81B20AC23260090B21C /* PBXContainerItemProxy */;
		};
		D581B82720AC23260090B21C /* PBXTargetDependency */ = {
			isa = PBXTargetDependency;
			target = D581B80520AC23250090B21C /* template */;
			targetProxy = D581B82620AC23260090B21C /* PBXContainerItemProxy */;
		};
/* End PBXTargetDependency section */

/* Begin PBXVariantGroup section */
		D581B80D20AC23250090B21C /* Main.storyboard */ = {
			isa = PBXVariantGroup;
			children = (
				D581B80E20AC23250090B21C /* Base */,
			);
			name = Main.storyboard;
			sourceTree = "<group>";
		};
		D581B81220AC23260090B21C /* LaunchScreen.storyboard */ = {
			isa = PBXVariantGroup;
			children = (
				D581B81320AC23260090B21C /* Base */,
			);
			name = LaunchScreen.storyboard;
			sourceTree = "<group>";
		};
/* End PBXVariantGroup section */

/* Begin XCBuildConfiguration section */
		D581B82C20AC23260090B21C /* Debug */ = {
			isa = XCBuildConfiguration;
			buildSettings = {
				ALWAYS_SEARCH_USER_PATHS = NO;
				CLANG_ANALYZER_NONNULL = YES;
				CLANG_ANALYZER_NUMBER_OBJECT_CONVERSION = YES_AGGRESSIVE;
				CLANG_CXX_LANGUAGE_STANDARD = "gnu++14";
				CLANG_CXX_LIBRARY = "libc++";
				CLANG_ENABLE_MODULES = YES;
				CLANG_ENABLE_OBJC_ARC = YES;
				CLANG_ENABLE_OBJC_WEAK = YES;
				CLANG_WARN_BLOCK_CAPTURE_AUTORELEASING = YES;
				CLANG_WARN_BOOL_CONVERSION = YES;
				CLANG_WARN_COMMA = YES;
				CLANG_WARN_CONSTANT_CONVERSION = YES;
				CLANG_WARN_DEPRECATED_OBJC_IMPLEMENTATIONS = YES;
				CLANG_WARN_DIRECT_OBJC_ISA_USAGE = YES_ERROR;
				CLANG_WARN_DOCUMENTATION_COMMENTS = YES;
				CLANG_WARN_EMPTY_BODY = YES;
				CLANG_WARN_ENUM_CONVERSION = YES;
				CLANG_WARN_INFINITE_RECURSION = YES;
				CLANG_WARN_INT_CONVERSION = YES;
				CLANG_WARN_NON_LITERAL_NULL_CONVERSION = YES;
				CLANG_WARN_OBJC_IMPLICIT_RETAIN_SELF = YES;
				CLANG_WARN_OBJC_LITERAL_CONVERSION = YES;
				CLANG_WARN_OBJC_ROOT_CLASS = YES_ERROR;
				CLANG_WARN_RANGE_LOOP_ANALYSIS = YES;
				CLANG_WARN_STRICT_PROTOTYPES = YES;
				CLANG_WARN_SUSPICIOUS_MOVE = YES;
				CLANG_WARN_UNGUARDED_AVAILABILITY = YES_AGGRESSIVE;
				CLANG_WARN_UNREACHABLE_CODE = YES;
				CLANG_WARN__DUPLICATE_METHOD_MATCH = YES;
				CODE_SIGN_IDENTITY = "iPhone Developer";
				COPY_PHASE_STRIP = NO;
				DEBUG_INFORMATION_FORMAT = dwarf;
				ENABLE_STRICT_OBJC_MSGSEND = YES;
				ENABLE_TESTABILITY = YES;
				GCC_C_LANGUAGE_STANDARD = gnu11;
				GCC_DYNAMIC_NO_PIC = NO;
				GCC_NO_COMMON_BLOCKS = YES;
				GCC_OPTIMIZATION_LEVEL = 0;
				GCC_PREPROCESSOR_DEFINITIONS = (
					"DEBUG=1",
					"$(inherited)",
				);
				GCC_WARN_64_TO_32_BIT_CONVERSION = YES;
				GCC_WARN_ABOUT_RETURN_TYPE = YES_ERROR;
				GCC_WARN_UNDECLARED_SELECTOR = YES;
				GCC_WARN_UNINITIALIZED_AUTOS = YES_AGGRESSIVE;
				GCC_WARN_UNUSED_FUNCTION = YES;
				GCC_WARN_UNUSED_VARIABLE = YES;
				IPHONEOS_DEPLOYMENT_TARGET = 11.3;
				MTL_ENABLE_DEBUG_INFO = YES;
				ONLY_ACTIVE_ARCH = YES;
				SDKROOT = iphoneos;
				SWIFT_ACTIVE_COMPILATION_CONDITIONS = DEBUG;
				SWIFT_OPTIMIZATION_LEVEL = "-Onone";
			};
			name = Debug;
		};
		D581B82D20AC23260090B21C /* Release */ = {
			isa = XCBuildConfiguration;
			buildSettings = {
				ALWAYS_SEARCH_USER_PATHS = NO;
				CLANG_ANALYZER_NONNULL = YES;
				CLANG_ANALYZER_NUMBER_OBJECT_CONVERSION = YES_AGGRESSIVE;
				CLANG_CXX_LANGUAGE_STANDARD = "gnu++14";
				CLANG_CXX_LIBRARY = "libc++";
				CLANG_ENABLE_MODULES = YES;
				CLANG_ENABLE_OBJC_ARC = YES;
				CLANG_ENABLE_OBJC_WEAK = YES;
				CLANG_WARN_BLOCK_CAPTURE_AUTORELEASING = YES;
				CLANG_WARN_BOOL_CONVERSION = YES;
				CLANG_WARN_COMMA = YES;
				CLANG_WARN_CONSTANT_CONVERSION = YES;
				CLANG_WARN_DEPRECATED_OBJC_IMPLEMENTATIONS = YES;
				CLANG_WARN_DIRECT_OBJC_ISA_USAGE = YES_ERROR;
				CLANG_WARN_DOCUMENTATION_COMMENTS = YES;
				CLANG_WARN_EMPTY_BODY = YES;
				CLANG_WARN_ENUM_CONVERSION = YES;
				CLANG_WARN_INFINITE_RECURSION = YES;
				CLANG_WARN_INT_CONVERSION = YES;
				CLANG_WARN_NON_LITERAL_NULL_CONVERSION = YES;
				CLANG_WARN_OBJC_IMPLICIT_RETAIN_SELF = YES;
				CLANG_WARN_OBJC_LITERAL_CONVERSION = YES;
				CLANG_WARN_OBJC_ROOT_CLASS = YES_ERROR;
				CLANG_WARN_RANGE_LOOP_ANALYSIS = YES;
				CLANG_WARN_STRICT_PROTOTYPES = YES;
				CLANG_WARN_SUSPICIOUS_MOVE = YES;
				CLANG_WARN_UNGUARDED_AVAILABILITY = YES_AGGRESSIVE;
				CLANG_WARN_UNREACHABLE_CODE = YES;
				CLANG_WARN__DUPLICATE_METHOD_MATCH = YES;
				CODE_SIGN_IDENTITY = "iPhone Developer";
				COPY_PHASE_STRIP = NO;
				DEBUG_INFORMATION_FORMAT = "dwarf-with-dsym";
				ENABLE_NS_ASSERTIONS = NO;
				ENABLE_STRICT_OBJC_MSGSEND = YES;
				GCC_C_LANGUAGE_STANDARD = gnu11;
				GCC_NO_COMMON_BLOCKS = YES;
				GCC_WARN_64_TO_32_BIT_CONVERSION = YES;
				GCC_WARN_ABOUT_RETURN_TYPE = YES_ERROR;
				GCC_WARN_UNDECLARED_SELECTOR = YES;
				GCC_WARN_UNINITIALIZED_AUTOS = YES_AGGRESSIVE;
				GCC_WARN_UNUSED_FUNCTION = YES;
				GCC_WARN_UNUSED_VARIABLE = YES;
				IPHONEOS_DEPLOYMENT_TARGET = 11.3;
				MTL_ENABLE_DEBUG_INFO = NO;
				SDKROOT = iphoneos;
				SWIFT_COMPILATION_MODE = wholemodule;
				SWIFT_OPTIMIZATION_LEVEL = "-O";
				VALIDATE_PRODUCT = YES;
			};
			name = Release;
		};
		D581B82F20AC23270090B21C /* Debug */ = {
			isa = XCBuildConfiguration;
			buildSettings = {
				ASSETCATALOG_COMPILER_APPICON_NAME = AppIcon;
				CODE_SIGN_STYLE = Automatic;
				DEVELOPMENT_TEAM = 472695N5J8;
				INFOPLIST_FILE = template/Info.plist;
				LD_RUNPATH_SEARCH_PATHS = (
					"$(inherited)",
					"@executable_path/Frameworks",
				);
				PRODUCT_BUNDLE_IDENTIFIER = co.se.template;
				PRODUCT_NAME = "$(TARGET_NAME)";
				SWIFT_VERSION = 4.0;
				TARGETED_DEVICE_FAMILY = "1,2";
			};
			name = Debug;
		};
		D581B83020AC23270090B21C /* Release */ = {
			isa = XCBuildConfiguration;
			buildSettings = {
				ASSETCATALOG_COMPILER_APPICON_NAME = AppIcon;
				CODE_SIGN_STYLE = Automatic;
				DEVELOPMENT_TEAM = 472695N5J8;
				INFOPLIST_FILE = template/Info.plist;
				LD_RUNPATH_SEARCH_PATHS = (
					"$(inherited)",
					"@executable_path/Frameworks",
				);
				PRODUCT_BUNDLE_IDENTIFIER = co.se.template;
				PRODUCT_NAME = "$(TARGET_NAME)";
				SWIFT_VERSION = 4.0;
				TARGETED_DEVICE_FAMILY = "1,2";
			};
			name = Release;
		};
		D581B83220AC23270090B21C /* Debug */ = {
			isa = XCBuildConfiguration;
			buildSettings = {
				ALWAYS_EMBED_SWIFT_STANDARD_LIBRARIES = YES;
				BUNDLE_LOADER = "$(TEST_HOST)";
				CODE_SIGN_STYLE = Automatic;
				DEVELOPMENT_TEAM = 472695N5J8;
				INFOPLIST_FILE = templateTests/Info.plist;
				LD_RUNPATH_SEARCH_PATHS = (
					"$(inherited)",
					"@executable_path/Frameworks",
					"@loader_path/Frameworks",
				);
				PRODUCT_BUNDLE_IDENTIFIER = co.se.templateTests;
				PRODUCT_NAME = "$(TARGET_NAME)";
				SWIFT_VERSION = 4.0;
				TARGETED_DEVICE_FAMILY = "1,2";
				TEST_HOST = "$(BUILT_PRODUCTS_DIR)/template.app/template";
			};
			name = Debug;
		};
		D581B83320AC23270090B21C /* Release */ = {
			isa = XCBuildConfiguration;
			buildSettings = {
				ALWAYS_EMBED_SWIFT_STANDARD_LIBRARIES = YES;
				BUNDLE_LOADER = "$(TEST_HOST)";
				CODE_SIGN_STYLE = Automatic;
				DEVELOPMENT_TEAM = 472695N5J8;
				INFOPLIST_FILE = templateTests/Info.plist;
				LD_RUNPATH_SEARCH_PATHS = (
					"$(inherited)",
					"@executable_path/Frameworks",
					"@loader_path/Frameworks",
				);
				PRODUCT_BUNDLE_IDENTIFIER = co.se.templateTests;
				PRODUCT_NAME = "$(TARGET_NAME)";
				SWIFT_VERSION = 4.0;
				TARGETED_DEVICE_FAMILY = "1,2";
				TEST_HOST = "$(BUILT_PRODUCTS_DIR)/template.app/template";
			};
			name = Release;
		};
		D581B83520AC23270090B21C /* Debug */ = {
			isa = XCBuildConfiguration;
			buildSettings = {
				ALWAYS_EMBED_SWIFT_STANDARD_LIBRARIES = YES;
				CODE_SIGN_STYLE = Automatic;
				DEVELOPMENT_TEAM = 472695N5J8;
				INFOPLIST_FILE = templateUITests/Info.plist;
				LD_RUNPATH_SEARCH_PATHS = (
					"$(inherited)",
					"@executable_path/Frameworks",
					"@loader_path/Frameworks",
				);
				PRODUCT_BUNDLE_IDENTIFIER = co.se.templateUITests;
				PRODUCT_NAME = "$(TARGET_NAME)";
				SWIFT_VERSION = 4.0;
				TARGETED_DEVICE_FAMILY = "1,2";
				TEST_TARGET_NAME = template;
			};
			name = Debug;
		};
		D581B83620AC23270090B21C /* Release */ = {
			isa = XCBuildConfiguration;
			buildSettings = {
				ALWAYS_EMBED_SWIFT_STANDARD_LIBRARIES = YES;
				CODE_SIGN_STYLE = Automatic;
				DEVELOPMENT_TEAM = 472695N5J8;
				INFOPLIST_FILE = templateUITests/Info.plist;
				LD_RUNPATH_SEARCH_PATHS = (
					"$(inherited)",
					"@executable_path/Frameworks",
					"@loader_path/Frameworks",
				);
				PRODUCT_BUNDLE_IDENTIFIER = co.se.templateUITests;
				PRODUCT_NAME = "$(TARGET_NAME)";
				SWIFT_VERSION = 4.0;
				TARGETED_DEVICE_FAMILY = "1,2";
				TEST_TARGET_NAME = template;
			};
			name = Release;
		};
/* End XCBuildConfiguration section */

/* Begin XCConfigurationList section */
		D581B80120AC23250090B21C /* Build configuration list for PBXProject "template" */ = {
			isa = XCConfigurationList;
			buildConfigurations = (
				D581B82C20AC23260090B21C /* Debug */,
				D581B82D20AC23260090B21C /* Release */,
			);
			defaultConfigurationIsVisible = 0;
			defaultConfigurationName = Release;
		};
		D581B82E20AC23270090B21C /* Build configuration list for PBXNativeTarget "template" */ = {
			isa = XCConfigurationList;
			buildConfigurations = (
				D581B82F20AC23270090B21C /* Debug */,
				D581B83020AC23270090B21C /* Release */,
			);
			defaultConfigurationIsVisible = 0;
			defaultConfigurationName = Release;
		};
		D581B83120AC23270090B21C /* Build configuration list for PBXNativeTarget "templateTests" */ = {
			isa = XCConfigurationList;
			buildConfigurations = (
				D581B83220AC23270090B21C /* Debug */,
				D581B83320AC23270090B21C /* Release */,
			);
			defaultConfigurationIsVisible = 0;
			defaultConfigurationName = Release;
		};
		D581B83420AC23270090B21C /* Build configuration list for PBXNativeTarget "templateUITests" */ = {
			isa = XCConfigurationList;
			buildConfigurations = (
				D581B83520AC23270090B21C /* Debug */,
				D581B83620AC23270090B21C /* Release */,
			);
			defaultConfigurationIsVisible = 0;
			defaultConfigurationName = Release;
		};
/* End XCConfigurationList section */
	};
	rootObject = D581B7FE20AC23250090B21C /* Project object */;
}
